
Microsoft Visual Studio Solution File, Format Version 12.00
# Visual Studio Version 17
VisualStudioVersion = 17.9.34616.47
MinimumVisualStudioVersion = 10.0.40219.1
Project("{FAE04EC0-301F-11D3-BF4B-00C04F79EFBC}") = "tpmodul10_1302220004", "tpmodul10_1302220004\tpmodul10_1302220004.csproj", "{2BAA5648-4AAB-47CE-9C4B-0FDDD200005D}"
EndProject
Global
	GlobalSection(SolutionConfigurationPlatforms) = preSolution
		Debug|Any CPU = Debug|Any CPU
		Release|Any CPU = Release|Any CPU
	EndGlobalSection
	GlobalSection(ProjectConfigurationPlatforms) = postSolution
		{2BAA5648-4AAB-47CE-9C4B-0FDDD200005D}.Debug|Any CPU.ActiveCfg = Debug|Any CPU
		{2BAA5648-4AAB-47CE-9C4B-0FDDD200005D}.Debug|Any CPU.Build.0 = Debug|Any CPU
		{2BAA5648-4AAB-47CE-9C4B-0FDDD200005D}.Release|Any CPU.ActiveCfg = Release|Any CPU
		{2BAA5648-4AAB-47CE-9C4B-0FDDD200005D}.Release|Any CPU.Build.0 = Release|Any CPU
	EndGlobalSection
	GlobalSection(SolutionProperties) = preSolution
		HideSolutionNode = FALSE
	EndGlobalSection
	GlobalSection(ExtensibilityGlobals) = postSolution
		SolutionGuid = {4770F391-3E4D-46AA-B97B-DE0E078048E4}
	EndGlobalSection
EndGlobal
